
Microsoft Visual Studio Solution File, Format Version 12.00
# Visual Studio Version 17
VisualStudioVersion = 17.1.32328.378
MinimumVisualStudioVersion = 10.0.40219.1
Project("{9A19103F-16F7-4668-BE54-9A1E7A4F7556}") = "Pluralsight.Handson.Project.Calculator", "Pluralsight.Handson.Project\Pluralsight.Handson.Project.Calculator.csproj", "{D0AA3C30-4F7E-4ED8-9C96-DE107AA011B0}"
EndProject
Project("{2150E333-8FDC-42A3-9474-1A3956D46DE8}") = "2- Test", "2- Test", "{42FBCF71-31C7-4DE0-8DB1-10F777EA4A1A}"
EndProject
Project("{2150E333-8FDC-42A3-9474-1A3956D46DE8}") = "1- Application", "1- Application", "{A83E12C4-2649-4CFB-AA45-C6C1DBAADE01}"
EndProject
Project("{FAE04EC0-301F-11D3-BF4B-00C04F79EFBC}") = "Pluralsight.Handson.Project.Calculator.Tests", "Pluralsight.Handson.Project.Calculator.Tests\Pluralsight.Handson.Project.Calculator.Tests.csproj", "{9A45E333-A88E-468F-A1A1-0BE7AB9B90D9}"
EndProject
Global
	GlobalSection(SolutionConfigurationPlatforms) = preSolution
		Debug|Any CPU = Debug|Any CPU
		Release|Any CPU = Release|Any CPU
	EndGlobalSection
	GlobalSection(ProjectConfigurationPlatforms) = postSolution
		{D0AA3C30-4F7E-4ED8-9C96-DE107AA011B0}.Debug|Any CPU.ActiveCfg = Debug|Any CPU
		{D0AA3C30-4F7E-4ED8-9C96-DE107AA011B0}.Debug|Any CPU.Build.0 = Debug|Any CPU
		{D0AA3C30-4F7E-4ED8-9C96-DE107AA011B0}.Release|Any CPU.ActiveCfg = Release|Any CPU
		{D0AA3C30-4F7E-4ED8-9C96-DE107AA011B0}.Release|Any CPU.Build.0 = Release|Any CPU
		{9A45E333-A88E-468F-A1A1-0BE7AB9B90D9}.Debug|Any CPU.ActiveCfg = Debug|Any CPU
		{9A45E333-A88E-468F-A1A1-0BE7AB9B90D9}.Debug|Any CPU.Build.0 = Debug|Any CPU
		{9A45E333-A88E-468F-A1A1-0BE7AB9B90D9}.Release|Any CPU.ActiveCfg = Release|Any CPU
		{9A45E333-A88E-468F-A1A1-0BE7AB9B90D9}.Release|Any CPU.Build.0 = Release|Any CPU
	EndGlobalSection
	GlobalSection(SolutionProperties) = preSolution
		HideSolutionNode = FALSE
	EndGlobalSection
	GlobalSection(NestedProjects) = preSolution
		{D0AA3C30-4F7E-4ED8-9C96-DE107AA011B0} = {A83E12C4-2649-4CFB-AA45-C6C1DBAADE01}
		{9A45E333-A88E-468F-A1A1-0BE7AB9B90D9} = {42FBCF71-31C7-4DE0-8DB1-10F777EA4A1A}
	EndGlobalSection
	GlobalSection(ExtensibilityGlobals) = postSolution
		SolutionGuid = {10842880-E929-4511-8448-A5ECBEFB8AAA}
	EndGlobalSection
EndGlobal
